
Microsoft Visual Studio Solution File, Format Version 12.00
# Visual Studio Version 16
VisualStudioVersion = 16.0.29009.5
MinimumVisualStudioVersion = 10.0.40219.1
Project("{FAE04EC0-301F-11D3-BF4B-00C04F79EFBC}") = "WindowsMover", "streamdeck-windowsmover\WindowsMover.csproj", "{CC12FB78-BDB5-44A2-9694-3E604BDCAFE0}"
EndProject
Project("{FAE04EC0-301F-11D3-BF4B-00C04F79EFBC}") = "WindowsMoverRunner", "WindowsMoverRunner\WindowsMoverRunner.csproj", "{CC421BF3-C776-45FD-8FEB-D39773552FCD}"
EndProject
Global
	GlobalSection(SolutionConfigurationPlatforms) = preSolution
		Debug|Any CPU = Debug|Any CPU
		Release|Any CPU = Release|Any CPU
	EndGlobalSection
	GlobalSection(ProjectConfigurationPlatforms) = postSolution
		{CC12FB78-BDB5-44A2-9694-3E604BDCAFE0}.Debug|Any CPU.ActiveCfg = Debug|Any CPU
		{CC12FB78-BDB5-44A2-9694-3E604BDCAFE0}.Debug|Any CPU.Build.0 = Debug|Any CPU
		{CC12FB78-BDB5-44A2-9694-3E604BDCAFE0}.Release|Any CPU.ActiveCfg = Release|Any CPU
		{CC12FB78-BDB5-44A2-9694-3E604BDCAFE0}.Release|Any CPU.Build.0 = Release|Any CPU
		{CC421BF3-C776-45FD-8FEB-D39773552FCD}.Debug|Any CPU.ActiveCfg = Debug|Any CPU
		{CC421BF3-C776-45FD-8FEB-D39773552FCD}.Debug|Any CPU.Build.0 = Debug|Any CPU
		{CC421BF3-C776-45FD-8FEB-D39773552FCD}.Release|Any CPU.ActiveCfg = Release|Any CPU
		{CC421BF3-C776-45FD-8FEB-D39773552FCD}.Release|Any CPU.Build.0 = Release|Any CPU
	EndGlobalSection
	GlobalSection(SolutionProperties) = preSolution
		HideSolutionNode = FALSE
	EndGlobalSection
	GlobalSection(ExtensibilityGlobals) = postSolution
		SolutionGuid = {1ED74D2F-CE00-423D-825A-7B5674648D10}
	EndGlobalSection
EndGlobal
